
Microsoft Visual Studio Solution File, Format Version 12.00
# Visual Studio Version 16
VisualStudioVersion = 16.0.29709.97
MinimumVisualStudioVersion = 10.0.40219.1
Project("{9A19103F-16F7-4668-BE54-9A1E7A4F7556}") = "CC", "CC\CC.csproj", "{E8B25803-F6A5-4A4C-B8AA-5B68BCBDDFF0}"
EndProject
Project("{9A19103F-16F7-4668-BE54-9A1E7A4F7556}") = "JsonParser", "JsonParser\JsonParser.csproj", "{F60C4F34-25B5-4749-A1CB-5AD9DB805694}"
EndProject
Project("{FAE04EC0-301F-11D3-BF4B-00C04F79EFBC}") = "JavascriptParser", "JavascriptParser\JavascriptParser.csproj", "{D3689616-C2D3-48FE-AD41-40D044D7CF39}"
EndProject
Global
	GlobalSection(SolutionConfigurationPlatforms) = preSolution
		Debug|Any CPU = Debug|Any CPU
		Release|Any CPU = Release|Any CPU
	EndGlobalSection
	GlobalSection(ProjectConfigurationPlatforms) = postSolution
		{E8B25803-F6A5-4A4C-B8AA-5B68BCBDDFF0}.Debug|Any CPU.ActiveCfg = Debug|Any CPU
		{E8B25803-F6A5-4A4C-B8AA-5B68BCBDDFF0}.Debug|Any CPU.Build.0 = Debug|Any CPU
		{E8B25803-F6A5-4A4C-B8AA-5B68BCBDDFF0}.Release|Any CPU.ActiveCfg = Release|Any CPU
		{E8B25803-F6A5-4A4C-B8AA-5B68BCBDDFF0}.Release|Any CPU.Build.0 = Release|Any CPU
		{F60C4F34-25B5-4749-A1CB-5AD9DB805694}.Debug|Any CPU.ActiveCfg = Debug|Any CPU
		{F60C4F34-25B5-4749-A1CB-5AD9DB805694}.Debug|Any CPU.Build.0 = Debug|Any CPU
		{F60C4F34-25B5-4749-A1CB-5AD9DB805694}.Release|Any CPU.ActiveCfg = Release|Any CPU
		{F60C4F34-25B5-4749-A1CB-5AD9DB805694}.Release|Any CPU.Build.0 = Release|Any CPU
		{D3689616-C2D3-48FE-AD41-40D044D7CF39}.Debug|Any CPU.ActiveCfg = Debug|Any CPU
		{D3689616-C2D3-48FE-AD41-40D044D7CF39}.Debug|Any CPU.Build.0 = Debug|Any CPU
		{D3689616-C2D3-48FE-AD41-40D044D7CF39}.Release|Any CPU.ActiveCfg = Release|Any CPU
		{D3689616-C2D3-48FE-AD41-40D044D7CF39}.Release|Any CPU.Build.0 = Release|Any CPU
	EndGlobalSection
	GlobalSection(SolutionProperties) = preSolution
		HideSolutionNode = FALSE
	EndGlobalSection
	GlobalSection(ExtensibilityGlobals) = postSolution
		SolutionGuid = {24A4D234-049D-4EA2-BF75-FB5524F8DBC0}
	EndGlobalSection
EndGlobal
